# This file is automatically @generated by Cargo.
# It is not intended for manual editing.
version = 3

[[package]]
name = "build-rs"
version = "0.2.0"
dependencies = [
 "unicode-ident",
]

[[package]]
name = "build-rs-test-lib"
version = "0.2.0"
dependencies = [
 "build-rs",
]

[[package]]
name = "unicode-ident"
version = "1.0.18"
source = "registry+https://github.com/rust-lang/crates.io-index"
checksum = "5a5f39404a5da50712a4c1eecf25e90dd62b613502b7e925fd4e4d19b5c96512"
